
Microsoft Visual Studio Solution File, Format Version 12.00
# Visual Studio Version 17
VisualStudioVersion = 17.9.34723.18
MinimumVisualStudioVersion = 10.0.40219.1
Project("{8BC9CEB8-8B4A-11D0-8D11-00A0C91BC942}") = "Middterm project C++ and DS", "Middterm project C++ and DS\Middterm project C++ and DS.vcxproj", "{5D3A9FFB-2DF1-4833-B773-5D8DA056EC8B}"
EndProject
Global
	GlobalSection(SolutionConfigurationPlatforms) = preSolution
		Debug|x64 = Debug|x64
		Debug|x86 = Debug|x86
		Release|x64 = Release|x64
		Release|x86 = Release|x86
	EndGlobalSection
	GlobalSection(ProjectConfigurationPlatforms) = postSolution
		{5D3A9FFB-2DF1-4833-B773-5D8DA056EC8B}.Debug|x64.ActiveCfg = Debug|x64
		{5D3A9FFB-2DF1-4833-B773-5D8DA056EC8B}.Debug|x64.Build.0 = Debug|x64
		{5D3A9FFB-2DF1-4833-B773-5D8DA056EC8B}.Debug|x86.ActiveCfg = Debug|Win32
		{5D3A9FFB-2DF1-4833-B773-5D8DA056EC8B}.Debug|x86.Build.0 = Debug|Win32
		{5D3A9FFB-2DF1-4833-B773-5D8DA056EC8B}.Release|x64.ActiveCfg = Release|x64
		{5D3A9FFB-2DF1-4833-B773-5D8DA056EC8B}.Release|x64.Build.0 = Release|x64
		{5D3A9FFB-2DF1-4833-B773-5D8DA056EC8B}.Release|x86.ActiveCfg = Release|Win32
		{5D3A9FFB-2DF1-4833-B773-5D8DA056EC8B}.Release|x86.Build.0 = Release|Win32
	EndGlobalSection
	GlobalSection(SolutionProperties) = preSolution
		HideSolutionNode = FALSE
	EndGlobalSection
	GlobalSection(ExtensibilityGlobals) = postSolution
		SolutionGuid = {04055964-C128-4572-AD19-84CC99D51E76}
	EndGlobalSection
EndGlobal
